// !$*UTF8*$!
{
	archiveVersion = 1;
	classes = {
	};
	objectVersion = 55;
	objects = {

/* Begin PBXBuildFile section */
		632D2FAE2821E32500441152 /* RequestProtocol.swift in Sources */ = {isa = PBXBuildFile; fileRef = 632D2FAD2821E32500441152 /* RequestProtocol.swift */; };
		632D2FB02821E3BD00441152 /* RequestEncoding.swift in Sources */ = {isa = PBXBuildFile; fileRef = 632D2FAF2821E3BD00441152 /* RequestEncoding.swift */; };
		632D2FB22821E3DB00441152 /* RequestMethod.swift in Sources */ = {isa = PBXBuildFile; fileRef = 632D2FB12821E3DB00441152 /* RequestMethod.swift */; };
		632D2FB42821E41E00441152 /* APIDecodableResponseRequest.swift in Sources */ = {isa = PBXBuildFile; fileRef = 632D2FB32821E41E00441152 /* APIDecodableResponseRequest.swift */; };
		632D2FB62821E55D00441152 /* DataProviderProtocol.swift in Sources */ = {isa = PBXBuildFile; fileRef = 632D2FB52821E55D00441152 /* DataProviderProtocol.swift */; };
		632D2FB82821E60800441152 /* DecodableResponseRequest.swift in Sources */ = {isa = PBXBuildFile; fileRef = 632D2FB72821E60800441152 /* DecodableResponseRequest.swift */; };
		632D2FBA2821E64500441152 /* Typealias.swift in Sources */ = {isa = PBXBuildFile; fileRef = 632D2FB92821E64500441152 /* Typealias.swift */; };
		632D2FBC2821E84900441152 /* MovieDetailsModel.swift in Sources */ = {isa = PBXBuildFile; fileRef = 632D2FBB2821E84900441152 /* MovieDetailsModel.swift */; };
		632D2FBE2821E88700441152 /* MovieNowPlayingModel.swift in Sources */ = {isa = PBXBuildFile; fileRef = 632D2FBD2821E88700441152 /* MovieNowPlayingModel.swift */; };
		632D2FC02821E8A500441152 /* MovieUpComingModel.swift in Sources */ = {isa = PBXBuildFile; fileRef = 632D2FBF2821E8A500441152 /* MovieUpComingModel.swift */; };
		632D2FC22821E8DE00441152 /* MovieDetailRequest.swift in Sources */ = {isa = PBXBuildFile; fileRef = 632D2FC12821E8DE00441152 /* MovieDetailRequest.swift */; };
		632D2FC42821EA2F00441152 /* MovieNowPlayingRequest.swift in Sources */ = {isa = PBXBuildFile; fileRef = 632D2FC32821EA2F00441152 /* MovieNowPlayingRequest.swift */; };
		632D2FC62821EB1500441152 /* MovieUpcomingRequest.swift in Sources */ = {isa = PBXBuildFile; fileRef = 632D2FC52821EB1500441152 /* MovieUpcomingRequest.swift */; };
		633CC23E28216C2600252191 /* AppDelegate.swift in Sources */ = {isa = PBXBuildFile; fileRef = 633CC23D28216C2600252191 /* AppDelegate.swift */; };
		633CC24228216C2600252191 /* HomeVC.swift in Sources */ = {isa = PBXBuildFile; fileRef = 633CC24128216C2600252191 /* HomeVC.swift */; };
		633CC24728216C2700252191 /* Assets.xcassets in Resources */ = {isa = PBXBuildFile; fileRef = 633CC24628216C2700252191 /* Assets.xcassets */; };
		633CC25328216E7A00252191 /* AppRouteContainer.swift in Sources */ = {isa = PBXBuildFile; fileRef = 633CC25228216E7A00252191 /* AppRouteContainer.swift */; };
		633CC25528216EB000252191 /* AppRouter.swift in Sources */ = {isa = PBXBuildFile; fileRef = 633CC25428216EB000252191 /* AppRouter.swift */; };
		633CC25A282170D000252191 /* HomeBuilder.swift in Sources */ = {isa = PBXBuildFile; fileRef = 633CC259282170D000252191 /* HomeBuilder.swift */; };
/* End PBXBuildFile section */

/* Begin PBXFileReference section */
		632D2FAD2821E32500441152 /* RequestProtocol.swift */ = {isa = PBXFileReference; lastKnownFileType = sourcecode.swift; path = RequestProtocol.swift; sourceTree = "<group>"; };
		632D2FAF2821E3BD00441152 /* RequestEncoding.swift */ = {isa = PBXFileReference; lastKnownFileType = sourcecode.swift; path = RequestEncoding.swift; sourceTree = "<group>"; };
		632D2FB12821E3DB00441152 /* RequestMethod.swift */ = {isa = PBXFileReference; lastKnownFileType = sourcecode.swift; path = RequestMethod.swift; sourceTree = "<group>"; };
		632D2FB32821E41E00441152 /* APIDecodableResponseRequest.swift */ = {isa = PBXFileReference; lastKnownFileType = sourcecode.swift; path = APIDecodableResponseRequest.swift; sourceTree = "<group>"; };
		632D2FB52821E55D00441152 /* DataProviderProtocol.swift */ = {isa = PBXFileReference; lastKnownFileType = sourcecode.swift; path = DataProviderProtocol.swift; sourceTree = "<group>"; };
		632D2FB72821E60800441152 /* DecodableResponseRequest.swift */ = {isa = PBXFileReference; lastKnownFileType = sourcecode.swift; path = DecodableResponseRequest.swift; sourceTree = "<group>"; };
		632D2FB92821E64500441152 /* Typealias.swift */ = {isa = PBXFileReference; lastKnownFileType = sourcecode.swift; path = Typealias.swift; sourceTree = "<group>"; };
		632D2FBB2821E84900441152 /* MovieDetailsModel.swift */ = {isa = PBXFileReference; lastKnownFileType = sourcecode.swift; path = MovieDetailsModel.swift; sourceTree = "<group>"; };
		632D2FBD2821E88700441152 /* MovieNowPlayingModel.swift */ = {isa = PBXFileReference; lastKnownFileType = sourcecode.swift; path = MovieNowPlayingModel.swift; sourceTree = "<group>"; };
		632D2FBF2821E8A500441152 /* MovieUpComingModel.swift */ = {isa = PBXFileReference; lastKnownFileType = sourcecode.swift; path = MovieUpComingModel.swift; sourceTree = "<group>"; };
		632D2FC12821E8DE00441152 /* MovieDetailRequest.swift */ = {isa = PBXFileReference; lastKnownFileType = sourcecode.swift; path = MovieDetailRequest.swift; sourceTree = "<group>"; };
		632D2FC32821EA2F00441152 /* MovieNowPlayingRequest.swift */ = {isa = PBXFileReference; lastKnownFileType = sourcecode.swift; path = MovieNowPlayingRequest.swift; sourceTree = "<group>"; };
		632D2FC52821EB1500441152 /* MovieUpcomingRequest.swift */ = {isa = PBXFileReference; lastKnownFileType = sourcecode.swift; path = MovieUpcomingRequest.swift; sourceTree = "<group>"; };
		632D2FC8282202DB00441152 /* Info.plist */ = {isa = PBXFileReference; fileEncoding = 4; lastKnownFileType = text.plist.xml; path = Info.plist; sourceTree = "<group>"; };
		633CC23A28216C2600252191 /* ChallengeApp.app */ = {isa = PBXFileReference; explicitFileType = wrapper.application; includeInIndex = 0; path = ChallengeApp.app; sourceTree = BUILT_PRODUCTS_DIR; };
		633CC23D28216C2600252191 /* AppDelegate.swift */ = {isa = PBXFileReference; lastKnownFileType = sourcecode.swift; path = AppDelegate.swift; sourceTree = "<group>"; };
		633CC24128216C2600252191 /* HomeVC.swift */ = {isa = PBXFileReference; lastKnownFileType = sourcecode.swift; path = HomeVC.swift; sourceTree = "<group>"; };
		633CC24628216C2700252191 /* Assets.xcassets */ = {isa = PBXFileReference; lastKnownFileType = folder.assetcatalog; path = Assets.xcassets; sourceTree = "<group>"; };
		633CC25228216E7A00252191 /* AppRouteContainer.swift */ = {isa = PBXFileReference; lastKnownFileType = sourcecode.swift; path = AppRouteContainer.swift; sourceTree = "<group>"; };
		633CC25428216EB000252191 /* AppRouter.swift */ = {isa = PBXFileReference; lastKnownFileType = sourcecode.swift; path = AppRouter.swift; sourceTree = "<group>"; };
		633CC259282170D000252191 /* HomeBuilder.swift */ = {isa = PBXFileReference; lastKnownFileType = sourcecode.swift; path = HomeBuilder.swift; sourceTree = "<group>"; };
/* End PBXFileReference section */

/* Begin PBXFrameworksBuildPhase section */
		633CC23728216C2600252191 /* Frameworks */ = {
			isa = PBXFrameworksBuildPhase;
			buildActionMask = 2147483647;
			files = (
			);
			runOnlyForDeploymentPostprocessing = 0;
		};
/* End PBXFrameworksBuildPhase section */

/* Begin PBXGroup section */
		632D2FC72821FE8F00441152 /* Routing */ = {
			isa = PBXGroup;
			children = (
				633CC25428216EB000252191 /* AppRouter.swift */,
			);
			path = Routing;
			sourceTree = "<group>";
		};
		633CC23128216C2600252191 = {
			isa = PBXGroup;
			children = (
				633CC23C28216C2600252191 /* ChallengeApp */,
				633CC23B28216C2600252191 /* Products */,
			);
			sourceTree = "<group>";
		};
		633CC23B28216C2600252191 /* Products */ = {
			isa = PBXGroup;
			children = (
				633CC23A28216C2600252191 /* ChallengeApp.app */,
			);
			name = Products;
			sourceTree = "<group>";
		};
		633CC23C28216C2600252191 /* ChallengeApp */ = {
			isa = PBXGroup;
			children = (
				633CC25C282184F000252191 /* DataProvider */,
				633CC25B282184E400252191 /* MovieProject */,
				633CC25D2821851000252191 /* UIComponents */,
				633CC25E2821852700252191 /* Utilities */,
			);
			path = ChallengeApp;
			sourceTree = "<group>";
		};
		633CC25128216E0300252191 /* AppDelegate */ = {
			isa = PBXGroup;
			children = (
				633CC23D28216C2600252191 /* AppDelegate.swift */,
				633CC25228216E7A00252191 /* AppRouteContainer.swift */,
			);
			path = AppDelegate;
			sourceTree = "<group>";
		};
		633CC2562821707300252191 /* Scenes */ = {
			isa = PBXGroup;
			children = (
				633CC2582821708F00252191 /* Home */,
				633CC2572821707C00252191 /* Cell */,
			);
			path = Scenes;
			sourceTree = "<group>";
		};
		633CC2572821707C00252191 /* Cell */ = {
			isa = PBXGroup;
			children = (
			);
			path = Cell;
			sourceTree = "<group>";
		};
		633CC2582821708F00252191 /* Home */ = {
			isa = PBXGroup;
			children = (
				633CC24128216C2600252191 /* HomeVC.swift */,
				633CC259282170D000252191 /* HomeBuilder.swift */,
			);
			path = Home;
			sourceTree = "<group>";
		};
		633CC25B282184E400252191 /* MovieProject */ = {
			isa = PBXGroup;
			children = (
				632D2FC72821FE8F00441152 /* Routing */,
				637CDEA02821DBA400B210D0 /* Configurations */,
				637CDE9F2821DB7500B210D0 /* Resources */,
				633CC2562821707300252191 /* Scenes */,
				633CC25128216E0300252191 /* AppDelegate */,
			);
			path = MovieProject;
			sourceTree = "<group>";
		};
		633CC25C282184F000252191 /* DataProvider */ = {
			isa = PBXGroup;
			children = (
				632D2FC8282202DB00441152 /* Info.plist */,
				637CDEA12821DC5800B210D0 /* Core */,
				637CDEA22821DC5C00B210D0 /* Model */,
				637CDEA32821DC5F00B210D0 /* Request */,
			);
			path = DataProvider;
			sourceTree = "<group>";
		};
		633CC25D2821851000252191 /* UIComponents */ = {
			isa = PBXGroup;
			children = (
			);
			path = UIComponents;
			sourceTree = "<group>";
		};
		633CC25E2821852700252191 /* Utilities */ = {
			isa = PBXGroup;
			children = (
			);
			path = Utilities;
			sourceTree = "<group>";
		};
		637CDE9F2821DB7500B210D0 /* Resources */ = {
			isa = PBXGroup;
			children = (
				633CC24628216C2700252191 /* Assets.xcassets */,
			);
			path = Resources;
			sourceTree = "<group>";
		};
		637CDEA02821DBA400B210D0 /* Configurations */ = {
			isa = PBXGroup;
			children = (
			);
			path = Configurations;
			sourceTree = "<group>";
		};
		637CDEA12821DC5800B210D0 /* Core */ = {
			isa = PBXGroup;
			children = (
				632D2FAD2821E32500441152 /* RequestProtocol.swift */,
				632D2FAF2821E3BD00441152 /* RequestEncoding.swift */,
				632D2FB12821E3DB00441152 /* RequestMethod.swift */,
				632D2FB32821E41E00441152 /* APIDecodableResponseRequest.swift */,
				632D2FB52821E55D00441152 /* DataProviderProtocol.swift */,
				632D2FB72821E60800441152 /* DecodableResponseRequest.swift */,
				632D2FB92821E64500441152 /* Typealias.swift */,
			);
			path = Core;
			sourceTree = "<group>";
		};
		637CDEA22821DC5C00B210D0 /* Model */ = {
			isa = PBXGroup;
			children = (
				632D2FBB2821E84900441152 /* MovieDetailsModel.swift */,
				632D2FBD2821E88700441152 /* MovieNowPlayingModel.swift */,
				632D2FBF2821E8A500441152 /* MovieUpComingModel.swift */,
			);
			path = Model;
			sourceTree = "<group>";
		};
		637CDEA32821DC5F00B210D0 /* Request */ = {
			isa = PBXGroup;
			children = (
				632D2FC12821E8DE00441152 /* MovieDetailRequest.swift */,
				632D2FC32821EA2F00441152 /* MovieNowPlayingRequest.swift */,
				632D2FC52821EB1500441152 /* MovieUpcomingRequest.swift */,
			);
			path = Request;
			sourceTree = "<group>";
		};
/* End PBXGroup section */

/* Begin PBXNativeTarget section */
		633CC23928216C2600252191 /* ChallengeApp */ = {
			isa = PBXNativeTarget;
			buildConfigurationList = 633CC24E28216C2700252191 /* Build configuration list for PBXNativeTarget "ChallengeApp" */;
			buildPhases = (
				633CC23628216C2600252191 /* Sources */,
				633CC23728216C2600252191 /* Frameworks */,
				633CC23828216C2600252191 /* Resources */,
			);
			buildRules = (
			);
			dependencies = (
			);
			name = ChallengeApp;
			productName = ChallengeApp;
			productReference = 633CC23A28216C2600252191 /* ChallengeApp.app */;
			productType = "com.apple.product-type.application";
		};
/* End PBXNativeTarget section */

/* Begin PBXProject section */
		633CC23228216C2600252191 /* Project object */ = {
			isa = PBXProject;
			attributes = {
				BuildIndependentTargetsInParallel = 1;
				LastSwiftUpdateCheck = 1320;
				LastUpgradeCheck = 1320;
				TargetAttributes = {
					633CC23928216C2600252191 = {
						CreatedOnToolsVersion = 13.2.1;
					};
				};
			};
			buildConfigurationList = 633CC23528216C2600252191 /* Build configuration list for PBXProject "ChallengeApp" */;
			compatibilityVersion = "Xcode 13.0";
			developmentRegion = en;
			hasScannedForEncodings = 0;
			knownRegions = (
				en,
				Base,
			);
			mainGroup = 633CC23128216C2600252191;
			productRefGroup = 633CC23B28216C2600252191 /* Products */;
			projectDirPath = "";
			projectRoot = "";
			targets = (
				633CC23928216C2600252191 /* ChallengeApp */,
			);
		};
/* End PBXProject section */

/* Begin PBXResourcesBuildPhase section */
		633CC23828216C2600252191 /* Resources */ = {
			isa = PBXResourcesBuildPhase;
			buildActionMask = 2147483647;
			files = (
				633CC24728216C2700252191 /* Assets.xcassets in Resources */,
			);
			runOnlyForDeploymentPostprocessing = 0;
		};
/* End PBXResourcesBuildPhase section */

/* Begin PBXSourcesBuildPhase section */
		633CC23628216C2600252191 /* Sources */ = {
			isa = PBXSourcesBuildPhase;
			buildActionMask = 2147483647;
			files = (
				632D2FC42821EA2F00441152 /* MovieNowPlayingRequest.swift in Sources */,
				632D2FB82821E60800441152 /* DecodableResponseRequest.swift in Sources */,
				632D2FC62821EB1500441152 /* MovieUpcomingRequest.swift in Sources */,
				632D2FB02821E3BD00441152 /* RequestEncoding.swift in Sources */,
				633CC25A282170D000252191 /* HomeBuilder.swift in Sources */,
				633CC24228216C2600252191 /* HomeVC.swift in Sources */,
				632D2FB42821E41E00441152 /* APIDecodableResponseRequest.swift in Sources */,
				632D2FAE2821E32500441152 /* RequestProtocol.swift in Sources */,
				632D2FC02821E8A500441152 /* MovieUpComingModel.swift in Sources */,
				632D2FB62821E55D00441152 /* DataProviderProtocol.swift in Sources */,
				633CC25328216E7A00252191 /* AppRouteContainer.swift in Sources */,
				633CC23E28216C2600252191 /* AppDelegate.swift in Sources */,
				632D2FBC2821E84900441152 /* MovieDetailsModel.swift in Sources */,
				633CC25528216EB000252191 /* AppRouter.swift in Sources */,
				632D2FB22821E3DB00441152 /* RequestMethod.swift in Sources */,
				632D2FC22821E8DE00441152 /* MovieDetailRequest.swift in Sources */,
				632D2FBE2821E88700441152 /* MovieNowPlayingModel.swift in Sources */,
				632D2FBA2821E64500441152 /* Typealias.swift in Sources */,
			);
			runOnlyForDeploymentPostprocessing = 0;
		};
/* End PBXSourcesBuildPhase section */

/* Begin XCBuildConfiguration section */
		633CC24C28216C2700252191 /* Debug */ = {
			isa = XCBuildConfiguration;
			buildSettings = {
				ALWAYS_SEARCH_USER_PATHS = NO;
				CLANG_ANALYZER_NONNULL = YES;
				CLANG_ANALYZER_NUMBER_OBJECT_CONVERSION = YES_AGGRESSIVE;
				CLANG_CXX_LANGUAGE_STANDARD = "gnu++17";
				CLANG_CXX_LIBRARY = "libc++";
				CLANG_ENABLE_MODULES = YES;
				CLANG_ENABLE_OBJC_ARC = YES;
				CLANG_ENABLE_OBJC_WEAK = YES;
				CLANG_WARN_BLOCK_CAPTURE_AUTORELEASING = YES;
				CLANG_WARN_BOOL_CONVERSION = YES;
				CLANG_WARN_COMMA = YES;
				CLANG_WARN_CONSTANT_CONVERSION = YES;
				CLANG_WARN_DEPRECATED_OBJC_IMPLEMENTATIONS = YES;
				CLANG_WARN_DIRECT_OBJC_ISA_USAGE = YES_ERROR;
				CLANG_WARN_DOCUMENTATION_COMMENTS = YES;
				CLANG_WARN_EMPTY_BODY = YES;
				CLANG_WARN_ENUM_CONVERSION = YES;
				CLANG_WARN_INFINITE_RECURSION = YES;
				CLANG_WARN_INT_CONVERSION = YES;
				CLANG_WARN_NON_LITERAL_NULL_CONVERSION = YES;
				CLANG_WARN_OBJC_IMPLICIT_RETAIN_SELF = YES;
				CLANG_WARN_OBJC_LITERAL_CONVERSION = YES;
				CLANG_WARN_OBJC_ROOT_CLASS = YES_ERROR;
				CLANG_WARN_QUOTED_INCLUDE_IN_FRAMEWORK_HEADER = YES;
				CLANG_WARN_RANGE_LOOP_ANALYSIS = YES;
				CLANG_WARN_STRICT_PROTOTYPES = YES;
				CLANG_WARN_SUSPICIOUS_MOVE = YES;
				CLANG_WARN_UNGUARDED_AVAILABILITY = YES_AGGRESSIVE;
				CLANG_WARN_UNREACHABLE_CODE = YES;
				CLANG_WARN__DUPLICATE_METHOD_MATCH = YES;
				COPY_PHASE_STRIP = NO;
				DEBUG_INFORMATION_FORMAT = dwarf;
				ENABLE_STRICT_OBJC_MSGSEND = YES;
				ENABLE_TESTABILITY = YES;
				GCC_C_LANGUAGE_STANDARD = gnu11;
				GCC_DYNAMIC_NO_PIC = NO;
				GCC_NO_COMMON_BLOCKS = YES;
				GCC_OPTIMIZATION_LEVEL = 0;
				GCC_PREPROCESSOR_DEFINITIONS = (
					"DEBUG=1",
					"$(inherited)",
				);
				GCC_WARN_64_TO_32_BIT_CONVERSION = YES;
				GCC_WARN_ABOUT_RETURN_TYPE = YES_ERROR;
				GCC_WARN_UNDECLARED_SELECTOR = YES;
				GCC_WARN_UNINITIALIZED_AUTOS = YES_AGGRESSIVE;
				GCC_WARN_UNUSED_FUNCTION = YES;
				GCC_WARN_UNUSED_VARIABLE = YES;
				IPHONEOS_DEPLOYMENT_TARGET = 15.2;
				MTL_ENABLE_DEBUG_INFO = INCLUDE_SOURCE;
				MTL_FAST_MATH = YES;
				ONLY_ACTIVE_ARCH = YES;
				SDKROOT = iphoneos;
				SWIFT_ACTIVE_COMPILATION_CONDITIONS = DEBUG;
				SWIFT_OPTIMIZATION_LEVEL = "-Onone";
			};
			name = Debug;
		};
		633CC24D28216C2700252191 /* Release */ = {
			isa = XCBuildConfiguration;
			buildSettings = {
				ALWAYS_SEARCH_USER_PATHS = NO;
				CLANG_ANALYZER_NONNULL = YES;
				CLANG_ANALYZER_NUMBER_OBJECT_CONVERSION = YES_AGGRESSIVE;
				CLANG_CXX_LANGUAGE_STANDARD = "gnu++17";
				CLANG_CXX_LIBRARY = "libc++";
				CLANG_ENABLE_MODULES = YES;
				CLANG_ENABLE_OBJC_ARC = YES;
				CLANG_ENABLE_OBJC_WEAK = YES;
				CLANG_WARN_BLOCK_CAPTURE_AUTORELEASING = YES;
				CLANG_WARN_BOOL_CONVERSION = YES;
				CLANG_WARN_COMMA = YES;
				CLANG_WARN_CONSTANT_CONVERSION = YES;
				CLANG_WARN_DEPRECATED_OBJC_IMPLEMENTATIONS = YES;
				CLANG_WARN_DIRECT_OBJC_ISA_USAGE = YES_ERROR;
				CLANG_WARN_DOCUMENTATION_COMMENTS = YES;
				CLANG_WARN_EMPTY_BODY = YES;
				CLANG_WARN_ENUM_CONVERSION = YES;
				CLANG_WARN_INFINITE_RECURSION = YES;
				CLANG_WARN_INT_CONVERSION = YES;
				CLANG_WARN_NON_LITERAL_NULL_CONVERSION = YES;
				CLANG_WARN_OBJC_IMPLICIT_RETAIN_SELF = YES;
				CLANG_WARN_OBJC_LITERAL_CONVERSION = YES;
				CLANG_WARN_OBJC_ROOT_CLASS = YES_ERROR;
				CLANG_WARN_QUOTED_INCLUDE_IN_FRAMEWORK_HEADER = YES;
				CLANG_WARN_RANGE_LOOP_ANALYSIS = YES;
				CLANG_WARN_STRICT_PROTOTYPES = YES;
				CLANG_WARN_SUSPICIOUS_MOVE = YES;
				CLANG_WARN_UNGUARDED_AVAILABILITY = YES_AGGRESSIVE;
				CLANG_WARN_UNREACHABLE_CODE = YES;
				CLANG_WARN__DUPLICATE_METHOD_MATCH = YES;
				COPY_PHASE_STRIP = NO;
				DEBUG_INFORMATION_FORMAT = "dwarf-with-dsym";
				ENABLE_NS_ASSERTIONS = NO;
				ENABLE_STRICT_OBJC_MSGSEND = YES;
				GCC_C_LANGUAGE_STANDARD = gnu11;
				GCC_NO_COMMON_BLOCKS = YES;
				GCC_WARN_64_TO_32_BIT_CONVERSION = YES;
				GCC_WARN_ABOUT_RETURN_TYPE = YES_ERROR;
				GCC_WARN_UNDECLARED_SELECTOR = YES;
				GCC_WARN_UNINITIALIZED_AUTOS = YES_AGGRESSIVE;
				GCC_WARN_UNUSED_FUNCTION = YES;
				GCC_WARN_UNUSED_VARIABLE = YES;
				IPHONEOS_DEPLOYMENT_TARGET = 15.2;
				MTL_ENABLE_DEBUG_INFO = NO;
				MTL_FAST_MATH = YES;
				SDKROOT = iphoneos;
				SWIFT_COMPILATION_MODE = wholemodule;
				SWIFT_OPTIMIZATION_LEVEL = "-O";
				VALIDATE_PRODUCT = YES;
			};
			name = Release;
		};
		633CC24F28216C2700252191 /* Debug */ = {
			isa = XCBuildConfiguration;
			buildSettings = {
				ALWAYS_EMBED_SWIFT_STANDARD_LIBRARIES = YES;
				ASSETCATALOG_COMPILER_APPICON_NAME = AppIcon;
				ASSETCATALOG_COMPILER_GLOBAL_ACCENT_COLOR_NAME = AccentColor;
				CODE_SIGN_STYLE = Automatic;
				CURRENT_PROJECT_VERSION = 1;
				DEVELOPMENT_TEAM = YW89A2JD7V;
				GENERATE_INFOPLIST_FILE = YES;
				INFOPLIST_FILE = ChallengeApp/DataProvider/Info.plist;
				INFOPLIST_KEY_UIApplicationSupportsIndirectInputEvents = YES;
				INFOPLIST_KEY_UILaunchStoryboardName = LaunchScreen;
				INFOPLIST_KEY_UISupportedInterfaceOrientations_iPad = "UIInterfaceOrientationPortrait UIInterfaceOrientationPortraitUpsideDown UIInterfaceOrientationLandscapeLeft UIInterfaceOrientationLandscapeRight";
				INFOPLIST_KEY_UISupportedInterfaceOrientations_iPhone = "UIInterfaceOrientationPortrait UIInterfaceOrientationLandscapeLeft UIInterfaceOrientationLandscapeRight";
				LD_RUNPATH_SEARCH_PATHS = (
					"$(inherited)",
					"@executable_path/Frameworks",
				);
				MARKETING_VERSION = 1.0;
				PRODUCT_BUNDLE_IDENTIFIER = com.ugurhmz.ChallengeApp;
				PRODUCT_NAME = "$(TARGET_NAME)";
				SWIFT_EMIT_LOC_STRINGS = YES;
				SWIFT_VERSION = 5.0;
				TARGETED_DEVICE_FAMILY = "1,2";
			};
			name = Debug;
		};
		633CC25028216C2700252191 /* Release */ = {
			isa = XCBuildConfiguration;
			buildSettings = {
				ALWAYS_EMBED_SWIFT_STANDARD_LIBRARIES = YES;
				ASSETCATALOG_COMPILER_APPICON_NAME = AppIcon;
				ASSETCATALOG_COMPILER_GLOBAL_ACCENT_COLOR_NAME = AccentColor;
				CODE_SIGN_STYLE = Automatic;
				CURRENT_PROJECT_VERSION = 1;
				DEVELOPMENT_TEAM = YW89A2JD7V;
				GENERATE_INFOPLIST_FILE = YES;
				INFOPLIST_FILE = ChallengeApp/DataProvider/Info.plist;
				INFOPLIST_KEY_UIApplicationSupportsIndirectInputEvents = YES;
				INFOPLIST_KEY_UILaunchStoryboardName = LaunchScreen;
				INFOPLIST_KEY_UISupportedInterfaceOrientations_iPad = "UIInterfaceOrientationPortrait UIInterfaceOrientationPortraitUpsideDown UIInterfaceOrientationLandscapeLeft UIInterfaceOrientationLandscapeRight";
				INFOPLIST_KEY_UISupportedInterfaceOrientations_iPhone = "UIInterfaceOrientationPortrait UIInterfaceOrientationLandscapeLeft UIInterfaceOrientationLandscapeRight";
				LD_RUNPATH_SEARCH_PATHS = (
					"$(inherited)",
					"@executable_path/Frameworks",
				);
				MARKETING_VERSION = 1.0;
				PRODUCT_BUNDLE_IDENTIFIER = com.ugurhmz.ChallengeApp;
				PRODUCT_NAME = "$(TARGET_NAME)";
				SWIFT_EMIT_LOC_STRINGS = YES;
				SWIFT_VERSION = 5.0;
				TARGETED_DEVICE_FAMILY = "1,2";
			};
			name = Release;
		};
/* End XCBuildConfiguration section */

/* Begin XCConfigurationList section */
		633CC23528216C2600252191 /* Build configuration list for PBXProject "ChallengeApp" */ = {
			isa = XCConfigurationList;
			buildConfigurations = (
				633CC24C28216C2700252191 /* Debug */,
				633CC24D28216C2700252191 /* Release */,
			);
			defaultConfigurationIsVisible = 0;
			defaultConfigurationName = Release;
		};
		633CC24E28216C2700252191 /* Build configuration list for PBXNativeTarget "ChallengeApp" */ = {
			isa = XCConfigurationList;
			buildConfigurations = (
				633CC24F28216C2700252191 /* Debug */,
				633CC25028216C2700252191 /* Release */,
			);
			defaultConfigurationIsVisible = 0;
			defaultConfigurationName = Release;
		};
/* End XCConfigurationList section */
	};
	rootObject = 633CC23228216C2600252191 /* Project object */;
}
