// !$*UTF8*$!
{
	archiveVersion = 1;
	classes = {
	};
	objectVersion = 55;
	objects = {

/* Begin PBXBuildFile section */
		63112D9A2827CC650048C65A /* SimilarMovieCollectionCell.swift in Sources */ = {isa = PBXBuildFile; fileRef = 63112D992827CC650048C65A /* SimilarMovieCollectionCell.swift */; };
		63112D9E2827D3030048C65A /* HeaderReusableView.swift in Sources */ = {isa = PBXBuildFile; fileRef = 63112D9D2827D3030048C65A /* HeaderReusableView.swift */; };
		632D2FAE2821E32500441152 /* RequestProtocol.swift in Sources */ = {isa = PBXBuildFile; fileRef = 632D2FAD2821E32500441152 /* RequestProtocol.swift */; };
		632D2FB02821E3BD00441152 /* RequestEncoding.swift in Sources */ = {isa = PBXBuildFile; fileRef = 632D2FAF2821E3BD00441152 /* RequestEncoding.swift */; };
		632D2FB22821E3DB00441152 /* RequestMethod.swift in Sources */ = {isa = PBXBuildFile; fileRef = 632D2FB12821E3DB00441152 /* RequestMethod.swift */; };
		632D2FB42821E41E00441152 /* APIDecodableResponseRequest.swift in Sources */ = {isa = PBXBuildFile; fileRef = 632D2FB32821E41E00441152 /* APIDecodableResponseRequest.swift */; };
		632D2FB62821E55D00441152 /* DataProviderProtocol.swift in Sources */ = {isa = PBXBuildFile; fileRef = 632D2FB52821E55D00441152 /* DataProviderProtocol.swift */; };
		632D2FB82821E60800441152 /* DecodableResponseRequest.swift in Sources */ = {isa = PBXBuildFile; fileRef = 632D2FB72821E60800441152 /* DecodableResponseRequest.swift */; };
		632D2FBA2821E64500441152 /* Typealias.swift in Sources */ = {isa = PBXBuildFile; fileRef = 632D2FB92821E64500441152 /* Typealias.swift */; };
		632D2FBC2821E84900441152 /* MovieDetailsModel.swift in Sources */ = {isa = PBXBuildFile; fileRef = 632D2FBB2821E84900441152 /* MovieDetailsModel.swift */; };
		632D2FBE2821E88700441152 /* MovieNowPlayingModel.swift in Sources */ = {isa = PBXBuildFile; fileRef = 632D2FBD2821E88700441152 /* MovieNowPlayingModel.swift */; };
		632D2FC02821E8A500441152 /* MovieUpComingModel.swift in Sources */ = {isa = PBXBuildFile; fileRef = 632D2FBF2821E8A500441152 /* MovieUpComingModel.swift */; };
		632D2FC22821E8DE00441152 /* MovieDetailRequest.swift in Sources */ = {isa = PBXBuildFile; fileRef = 632D2FC12821E8DE00441152 /* MovieDetailRequest.swift */; };
		632D2FC42821EA2F00441152 /* MovieNowPlayingRequest.swift in Sources */ = {isa = PBXBuildFile; fileRef = 632D2FC32821EA2F00441152 /* MovieNowPlayingRequest.swift */; };
		632D2FC62821EB1500441152 /* MovieUpcomingRequest.swift in Sources */ = {isa = PBXBuildFile; fileRef = 632D2FC52821EB1500441152 /* MovieUpcomingRequest.swift */; };
		632D2FCF282206D800441152 /* Animator.swift in Sources */ = {isa = PBXBuildFile; fileRef = 632D2FCE282206D800441152 /* Animator.swift */; };
		632D2FD1282206EE00441152 /* Router.swift in Sources */ = {isa = PBXBuildFile; fileRef = 632D2FD0282206EE00441152 /* Router.swift */; };
		632D2FD32822071500441152 /* AppRouter.swift in Sources */ = {isa = PBXBuildFile; fileRef = 632D2FD22822071500441152 /* AppRouter.swift */; };
		632D2FD8282207EA00441152 /* PushTransition.swift in Sources */ = {isa = PBXBuildFile; fileRef = 632D2FD4282207EA00441152 /* PushTransition.swift */; };
		632D2FD9282207EA00441152 /* ModalTransition.swift in Sources */ = {isa = PBXBuildFile; fileRef = 632D2FD5282207EA00441152 /* ModalTransition.swift */; };
		632D2FDA282207EA00441152 /* Transition.swift in Sources */ = {isa = PBXBuildFile; fileRef = 632D2FD6282207EA00441152 /* Transition.swift */; };
		632D2FDB282207EA00441152 /* PlaceOnWindowTransition.swift in Sources */ = {isa = PBXBuildFile; fileRef = 632D2FD7282207EA00441152 /* PlaceOnWindowTransition.swift */; };
		632D2FDD28220A3000441152 /* WalkThroughRoute.swift in Sources */ = {isa = PBXBuildFile; fileRef = 632D2FDC28220A3000441152 /* WalkThroughRoute.swift */; };
		632D2FDF28220A4E00441152 /* WalkThroughRouter.swift in Sources */ = {isa = PBXBuildFile; fileRef = 632D2FDE28220A4E00441152 /* WalkThroughRouter.swift */; };
		632D2FE128220AAD00441152 /* MainTabBarRoute.swift in Sources */ = {isa = PBXBuildFile; fileRef = 632D2FE028220AAD00441152 /* MainTabBarRoute.swift */; };
		632D2FE628220DF500441152 /* Closures.swift in Sources */ = {isa = PBXBuildFile; fileRef = 632D2FE528220DF500441152 /* Closures.swift */; };
		632D2FE82822101D00441152 /* Extension+UIView.swift in Sources */ = {isa = PBXBuildFile; fileRef = 632D2FE72822101D00441152 /* Extension+UIView.swift */; };
		632D2FEA2822103D00441152 /* Extension+UIColor.swift in Sources */ = {isa = PBXBuildFile; fileRef = 632D2FE92822103D00441152 /* Extension+UIColor.swift */; };
		633CC23E28216C2600252191 /* AppDelegate.swift in Sources */ = {isa = PBXBuildFile; fileRef = 633CC23D28216C2600252191 /* AppDelegate.swift */; };
		633CC24228216C2600252191 /* HomeVC.swift in Sources */ = {isa = PBXBuildFile; fileRef = 633CC24128216C2600252191 /* HomeVC.swift */; };
		633CC24728216C2700252191 /* Assets.xcassets in Resources */ = {isa = PBXBuildFile; fileRef = 633CC24628216C2700252191 /* Assets.xcassets */; };
		6376388F2828F0160019E7ED /* SimilarCellModel.swift in Sources */ = {isa = PBXBuildFile; fileRef = 6376388E2828F0160019E7ED /* SimilarCellModel.swift */; };
		63763891282904900019E7ED /* MovieSimilarRequest.swift in Sources */ = {isa = PBXBuildFile; fileRef = 63763890282904900019E7ED /* MovieSimilarRequest.swift */; };
		6376389328291D4B0019E7ED /* BlockingActivityIndicator.swift in Sources */ = {isa = PBXBuildFile; fileRef = 6376389228291D4B0019E7ED /* BlockingActivityIndicator.swift */; };
		6376389528291DBA0019E7ED /* ActivityIndicatorProtocol.swift in Sources */ = {isa = PBXBuildFile; fileRef = 6376389428291DBA0019E7ED /* ActivityIndicatorProtocol.swift */; };
		6376389728291EDE0019E7ED /* UIActivityIndicatorView.swift in Sources */ = {isa = PBXBuildFile; fileRef = 6376389628291EDE0019E7ED /* UIActivityIndicatorView.swift */; };
		637850DE282A50D50044F9FF /* MovieSearchRequest.swift in Sources */ = {isa = PBXBuildFile; fileRef = 637850DD282A50D50044F9FF /* MovieSearchRequest.swift */; };
		637850E0282A53970044F9FF /* MovieSearchModel.swift in Sources */ = {isa = PBXBuildFile; fileRef = 637850DF282A53970044F9FF /* MovieSearchModel.swift */; };
		637850E2282A5A470044F9FF /* SearchResultsVC.swift in Sources */ = {isa = PBXBuildFile; fileRef = 637850E1282A5A470044F9FF /* SearchResultsVC.swift */; };
		637850E6282A5BB80044F9FF /* SearchMoviesRouter.swift in Sources */ = {isa = PBXBuildFile; fileRef = 637850E5282A5BB80044F9FF /* SearchMoviesRouter.swift */; };
		6380600928235211006A0308 /* HomeTopCell.swift in Sources */ = {isa = PBXBuildFile; fileRef = 6380600828235211006A0308 /* HomeTopCell.swift */; };
		6380600B28235444006A0308 /* HomeBottomCell.swift in Sources */ = {isa = PBXBuildFile; fileRef = 6380600A28235444006A0308 /* HomeBottomCell.swift */; };
		6380600F28235B03006A0308 /* HomeSliderCell.swift in Sources */ = {isa = PBXBuildFile; fileRef = 6380600E28235B03006A0308 /* HomeSliderCell.swift */; };
		6380601128235E2E006A0308 /* HomeBottomTableCell.swift in Sources */ = {isa = PBXBuildFile; fileRef = 6380601028235E2E006A0308 /* HomeBottomTableCell.swift */; };
		6380AD362825961000618251 /* BaseViewModel.swift in Sources */ = {isa = PBXBuildFile; fileRef = 6380AD352825961000618251 /* BaseViewModel.swift */; };
		6380AD382825966500618251 /* BaseViewController.swift in Sources */ = {isa = PBXBuildFile; fileRef = 6380AD372825966500618251 /* BaseViewController.swift */; };
		6380AD3A282596E200618251 /* MainNavigationController.swift in Sources */ = {isa = PBXBuildFile; fileRef = 6380AD39282596E200618251 /* MainNavigationController.swift */; };
		6380AD3C282597A400618251 /* HomeViewModel.swift in Sources */ = {isa = PBXBuildFile; fileRef = 6380AD3B282597A400618251 /* HomeViewModel.swift */; };
		6380AD3F2825A74900618251 /* HomeTopCellModel.swift in Sources */ = {isa = PBXBuildFile; fileRef = 6380AD3E2825A74900618251 /* HomeTopCellModel.swift */; };
		6380AD412825AB0100618251 /* HomeSliderCellModel.swift in Sources */ = {isa = PBXBuildFile; fileRef = 6380AD402825AB0100618251 /* HomeSliderCellModel.swift */; };
		6380AD432825D2FA00618251 /* HomeBottomCellModel.swift in Sources */ = {isa = PBXBuildFile; fileRef = 6380AD422825D2FA00618251 /* HomeBottomCellModel.swift */; };
		6380AD452825D3C100618251 /* HomeBottomTableCellModel.swift in Sources */ = {isa = PBXBuildFile; fileRef = 6380AD442825D3C100618251 /* HomeBottomTableCellModel.swift */; };
		6380AD472826046800618251 /* HomeRouter.swift in Sources */ = {isa = PBXBuildFile; fileRef = 6380AD462826046800618251 /* HomeRouter.swift */; };
		6380AD4A2826049900618251 /* HomeDetailRoute.swift in Sources */ = {isa = PBXBuildFile; fileRef = 6380AD492826049900618251 /* HomeDetailRoute.swift */; };
		6380AD4C282604EB00618251 /* HomeRoute.swift in Sources */ = {isa = PBXBuildFile; fileRef = 6380AD4B282604EB00618251 /* HomeRoute.swift */; };
		6380AD4E2826061900618251 /* HomeDetailRouter.swift in Sources */ = {isa = PBXBuildFile; fileRef = 6380AD4D2826061900618251 /* HomeDetailRouter.swift */; };
		6380AD502826062D00618251 /* HomeDetailViewModel.swift in Sources */ = {isa = PBXBuildFile; fileRef = 6380AD4F2826062D00618251 /* HomeDetailViewModel.swift */; };
		6380AD522826065B00618251 /* HomeDetailVC.swift in Sources */ = {isa = PBXBuildFile; fileRef = 6380AD512826065B00618251 /* HomeDetailVC.swift */; };
		63D6C7392824C6A800D34EB9 /* APIDataProvider.swift in Sources */ = {isa = PBXBuildFile; fileRef = 63D6C7382824C6A800D34EB9 /* APIDataProvider.swift */; };
		63D6C73B2824C73100D34EB9 /* APIRequestInterceptor.swift in Sources */ = {isa = PBXBuildFile; fileRef = 63D6C73A2824C73100D34EB9 /* APIRequestInterceptor.swift */; };
		63D6C7402824C9DF00D34EB9 /* APIRequestAdapter.swift in Sources */ = {isa = PBXBuildFile; fileRef = 63D6C73F2824C9DF00D34EB9 /* APIRequestAdapter.swift */; };
		63D6C7422824CB8B00D34EB9 /* APILogger.swift in Sources */ = {isa = PBXBuildFile; fileRef = 63D6C7412824CB8B00D34EB9 /* APILogger.swift */; };
		63D6C7442824CC1800D34EB9 /* DataProvider.swift in Sources */ = {isa = PBXBuildFile; fileRef = 63D6C7432824CC1800D34EB9 /* DataProvider.swift */; };
		63D6C81D2824F6B300D34EB9 /* LoadingProtocol.swift in Sources */ = {isa = PBXBuildFile; fileRef = 63D6C81C2824F6B300D34EB9 /* LoadingProtocol.swift */; };
		AB15619003A069915261F8E4 /* Pods_ChallengeApp.framework in Frameworks */ = {isa = PBXBuildFile; fileRef = 28DE26D4CED025A6F2E52399 /* Pods_ChallengeApp.framework */; };
/* End PBXBuildFile section */

/* Begin PBXFileReference section */
		28DE26D4CED025A6F2E52399 /* Pods_ChallengeApp.framework */ = {isa = PBXFileReference; explicitFileType = wrapper.framework; includeInIndex = 0; path = Pods_ChallengeApp.framework; sourceTree = BUILT_PRODUCTS_DIR; };
		305B8993C504094450BFA9E3 /* Pods-ChallengeApp.release.xcconfig */ = {isa = PBXFileReference; includeInIndex = 1; lastKnownFileType = text.xcconfig; name = "Pods-ChallengeApp.release.xcconfig"; path = "Target Support Files/Pods-ChallengeApp/Pods-ChallengeApp.release.xcconfig"; sourceTree = "<group>"; };
		63112D992827CC650048C65A /* SimilarMovieCollectionCell.swift */ = {isa = PBXFileReference; lastKnownFileType = sourcecode.swift; path = SimilarMovieCollectionCell.swift; sourceTree = "<group>"; };
		63112D9D2827D3030048C65A /* HeaderReusableView.swift */ = {isa = PBXFileReference; lastKnownFileType = sourcecode.swift; path = HeaderReusableView.swift; sourceTree = "<group>"; };
		632D2FAD2821E32500441152 /* RequestProtocol.swift */ = {isa = PBXFileReference; lastKnownFileType = sourcecode.swift; path = RequestProtocol.swift; sourceTree = "<group>"; };
		632D2FAF2821E3BD00441152 /* RequestEncoding.swift */ = {isa = PBXFileReference; lastKnownFileType = sourcecode.swift; path = RequestEncoding.swift; sourceTree = "<group>"; };
		632D2FB12821E3DB00441152 /* RequestMethod.swift */ = {isa = PBXFileReference; lastKnownFileType = sourcecode.swift; path = RequestMethod.swift; sourceTree = "<group>"; };
		632D2FB32821E41E00441152 /* APIDecodableResponseRequest.swift */ = {isa = PBXFileReference; lastKnownFileType = sourcecode.swift; path = APIDecodableResponseRequest.swift; sourceTree = "<group>"; };
		632D2FB52821E55D00441152 /* DataProviderProtocol.swift */ = {isa = PBXFileReference; lastKnownFileType = sourcecode.swift; path = DataProviderProtocol.swift; sourceTree = "<group>"; };
		632D2FB72821E60800441152 /* DecodableResponseRequest.swift */ = {isa = PBXFileReference; lastKnownFileType = sourcecode.swift; path = DecodableResponseRequest.swift; sourceTree = "<group>"; };
		632D2FB92821E64500441152 /* Typealias.swift */ = {isa = PBXFileReference; lastKnownFileType = sourcecode.swift; path = Typealias.swift; sourceTree = "<group>"; };
		632D2FBB2821E84900441152 /* MovieDetailsModel.swift */ = {isa = PBXFileReference; lastKnownFileType = sourcecode.swift; path = MovieDetailsModel.swift; sourceTree = "<group>"; };
		632D2FBD2821E88700441152 /* MovieNowPlayingModel.swift */ = {isa = PBXFileReference; lastKnownFileType = sourcecode.swift; path = MovieNowPlayingModel.swift; sourceTree = "<group>"; };
		632D2FBF2821E8A500441152 /* MovieUpComingModel.swift */ = {isa = PBXFileReference; lastKnownFileType = sourcecode.swift; path = MovieUpComingModel.swift; sourceTree = "<group>"; };
		632D2FC12821E8DE00441152 /* MovieDetailRequest.swift */ = {isa = PBXFileReference; lastKnownFileType = sourcecode.swift; path = MovieDetailRequest.swift; sourceTree = "<group>"; };
		632D2FC32821EA2F00441152 /* MovieNowPlayingRequest.swift */ = {isa = PBXFileReference; lastKnownFileType = sourcecode.swift; path = MovieNowPlayingRequest.swift; sourceTree = "<group>"; };
		632D2FC52821EB1500441152 /* MovieUpcomingRequest.swift */ = {isa = PBXFileReference; lastKnownFileType = sourcecode.swift; path = MovieUpcomingRequest.swift; sourceTree = "<group>"; };
		632D2FC8282202DB00441152 /* Info.plist */ = {isa = PBXFileReference; fileEncoding = 4; lastKnownFileType = text.plist.xml; path = Info.plist; sourceTree = "<group>"; };
		632D2FCE282206D800441152 /* Animator.swift */ = {isa = PBXFileReference; lastKnownFileType = sourcecode.swift; path = Animator.swift; sourceTree = "<group>"; };
		632D2FD0282206EE00441152 /* Router.swift */ = {isa = PBXFileReference; lastKnownFileType = sourcecode.swift; path = Router.swift; sourceTree = "<group>"; };
		632D2FD22822071500441152 /* AppRouter.swift */ = {isa = PBXFileReference; lastKnownFileType = sourcecode.swift; path = AppRouter.swift; sourceTree = "<group>"; };
		632D2FD4282207EA00441152 /* PushTransition.swift */ = {isa = PBXFileReference; fileEncoding = 4; lastKnownFileType = sourcecode.swift; path = PushTransition.swift; sourceTree = "<group>"; };
		632D2FD5282207EA00441152 /* ModalTransition.swift */ = {isa = PBXFileReference; fileEncoding = 4; lastKnownFileType = sourcecode.swift; path = ModalTransition.swift; sourceTree = "<group>"; };
		632D2FD6282207EA00441152 /* Transition.swift */ = {isa = PBXFileReference; fileEncoding = 4; lastKnownFileType = sourcecode.swift; path = Transition.swift; sourceTree = "<group>"; };
		632D2FD7282207EA00441152 /* PlaceOnWindowTransition.swift */ = {isa = PBXFileReference; fileEncoding = 4; lastKnownFileType = sourcecode.swift; path = PlaceOnWindowTransition.swift; sourceTree = "<group>"; };
		632D2FDC28220A3000441152 /* WalkThroughRoute.swift */ = {isa = PBXFileReference; lastKnownFileType = sourcecode.swift; path = WalkThroughRoute.swift; sourceTree = "<group>"; };
		632D2FDE28220A4E00441152 /* WalkThroughRouter.swift */ = {isa = PBXFileReference; lastKnownFileType = sourcecode.swift; path = WalkThroughRouter.swift; sourceTree = "<group>"; };
		632D2FE028220AAD00441152 /* MainTabBarRoute.swift */ = {isa = PBXFileReference; lastKnownFileType = sourcecode.swift; path = MainTabBarRoute.swift; sourceTree = "<group>"; };
		632D2FE528220DF500441152 /* Closures.swift */ = {isa = PBXFileReference; lastKnownFileType = sourcecode.swift; path = Closures.swift; sourceTree = "<group>"; };
		632D2FE72822101D00441152 /* Extension+UIView.swift */ = {isa = PBXFileReference; lastKnownFileType = sourcecode.swift; path = "Extension+UIView.swift"; sourceTree = "<group>"; };
		632D2FE92822103D00441152 /* Extension+UIColor.swift */ = {isa = PBXFileReference; lastKnownFileType = sourcecode.swift; path = "Extension+UIColor.swift"; sourceTree = "<group>"; };
		633CC23A28216C2600252191 /* ChallengeApp.app */ = {isa = PBXFileReference; explicitFileType = wrapper.application; includeInIndex = 0; path = ChallengeApp.app; sourceTree = BUILT_PRODUCTS_DIR; };
		633CC23D28216C2600252191 /* AppDelegate.swift */ = {isa = PBXFileReference; lastKnownFileType = sourcecode.swift; path = AppDelegate.swift; sourceTree = "<group>"; };
		633CC24128216C2600252191 /* HomeVC.swift */ = {isa = PBXFileReference; lastKnownFileType = sourcecode.swift; path = HomeVC.swift; sourceTree = "<group>"; };
		633CC24628216C2700252191 /* Assets.xcassets */ = {isa = PBXFileReference; lastKnownFileType = folder.assetcatalog; path = Assets.xcassets; sourceTree = "<group>"; };
		6376388E2828F0160019E7ED /* SimilarCellModel.swift */ = {isa = PBXFileReference; lastKnownFileType = sourcecode.swift; path = SimilarCellModel.swift; sourceTree = "<group>"; };
		63763890282904900019E7ED /* MovieSimilarRequest.swift */ = {isa = PBXFileReference; lastKnownFileType = sourcecode.swift; path = MovieSimilarRequest.swift; sourceTree = "<group>"; };
		6376389228291D4B0019E7ED /* BlockingActivityIndicator.swift */ = {isa = PBXFileReference; lastKnownFileType = sourcecode.swift; path = BlockingActivityIndicator.swift; sourceTree = "<group>"; };
		6376389428291DBA0019E7ED /* ActivityIndicatorProtocol.swift */ = {isa = PBXFileReference; lastKnownFileType = sourcecode.swift; path = ActivityIndicatorProtocol.swift; sourceTree = "<group>"; };
		6376389628291EDE0019E7ED /* UIActivityIndicatorView.swift */ = {isa = PBXFileReference; lastKnownFileType = sourcecode.swift; path = UIActivityIndicatorView.swift; sourceTree = "<group>"; };
		637850DD282A50D50044F9FF /* MovieSearchRequest.swift */ = {isa = PBXFileReference; lastKnownFileType = sourcecode.swift; path = MovieSearchRequest.swift; sourceTree = "<group>"; };
		637850DF282A53970044F9FF /* MovieSearchModel.swift */ = {isa = PBXFileReference; lastKnownFileType = sourcecode.swift; path = MovieSearchModel.swift; sourceTree = "<group>"; };
		637850E1282A5A470044F9FF /* SearchResultsVC.swift */ = {isa = PBXFileReference; lastKnownFileType = sourcecode.swift; path = SearchResultsVC.swift; sourceTree = "<group>"; };
		637850E5282A5BB80044F9FF /* SearchMoviesRouter.swift */ = {isa = PBXFileReference; lastKnownFileType = sourcecode.swift; path = SearchMoviesRouter.swift; sourceTree = "<group>"; };
		6380600828235211006A0308 /* HomeTopCell.swift */ = {isa = PBXFileReference; lastKnownFileType = sourcecode.swift; path = HomeTopCell.swift; sourceTree = "<group>"; };
		6380600A28235444006A0308 /* HomeBottomCell.swift */ = {isa = PBXFileReference; lastKnownFileType = sourcecode.swift; path = HomeBottomCell.swift; sourceTree = "<group>"; };
		6380600E28235B03006A0308 /* HomeSliderCell.swift */ = {isa = PBXFileReference; lastKnownFileType = sourcecode.swift; path = HomeSliderCell.swift; sourceTree = "<group>"; };
		6380601028235E2E006A0308 /* HomeBottomTableCell.swift */ = {isa = PBXFileReference; lastKnownFileType = sourcecode.swift; path = HomeBottomTableCell.swift; sourceTree = "<group>"; };
		6380AD352825961000618251 /* BaseViewModel.swift */ = {isa = PBXFileReference; lastKnownFileType = sourcecode.swift; path = BaseViewModel.swift; sourceTree = "<group>"; };
		6380AD372825966500618251 /* BaseViewController.swift */ = {isa = PBXFileReference; lastKnownFileType = sourcecode.swift; path = BaseViewController.swift; sourceTree = "<group>"; };
		6380AD39282596E200618251 /* MainNavigationController.swift */ = {isa = PBXFileReference; lastKnownFileType = sourcecode.swift; path = MainNavigationController.swift; sourceTree = "<group>"; };
		6380AD3B282597A400618251 /* HomeViewModel.swift */ = {isa = PBXFileReference; lastKnownFileType = sourcecode.swift; path = HomeViewModel.swift; sourceTree = "<group>"; };
		6380AD3E2825A74900618251 /* HomeTopCellModel.swift */ = {isa = PBXFileReference; lastKnownFileType = sourcecode.swift; path = HomeTopCellModel.swift; sourceTree = "<group>"; };
		6380AD402825AB0100618251 /* HomeSliderCellModel.swift */ = {isa = PBXFileReference; lastKnownFileType = sourcecode.swift; path = HomeSliderCellModel.swift; sourceTree = "<group>"; };
		6380AD422825D2FA00618251 /* HomeBottomCellModel.swift */ = {isa = PBXFileReference; lastKnownFileType = sourcecode.swift; path = HomeBottomCellModel.swift; sourceTree = "<group>"; };
		6380AD442825D3C100618251 /* HomeBottomTableCellModel.swift */ = {isa = PBXFileReference; lastKnownFileType = sourcecode.swift; path = HomeBottomTableCellModel.swift; sourceTree = "<group>"; };
		6380AD462826046800618251 /* HomeRouter.swift */ = {isa = PBXFileReference; lastKnownFileType = sourcecode.swift; path = HomeRouter.swift; sourceTree = "<group>"; };
		6380AD492826049900618251 /* HomeDetailRoute.swift */ = {isa = PBXFileReference; lastKnownFileType = sourcecode.swift; path = HomeDetailRoute.swift; sourceTree = "<group>"; };
		6380AD4B282604EB00618251 /* HomeRoute.swift */ = {isa = PBXFileReference; lastKnownFileType = sourcecode.swift; path = HomeRoute.swift; sourceTree = "<group>"; };
		6380AD4D2826061900618251 /* HomeDetailRouter.swift */ = {isa = PBXFileReference; lastKnownFileType = sourcecode.swift; path = HomeDetailRouter.swift; sourceTree = "<group>"; };
		6380AD4F2826062D00618251 /* HomeDetailViewModel.swift */ = {isa = PBXFileReference; lastKnownFileType = sourcecode.swift; path = HomeDetailViewModel.swift; sourceTree = "<group>"; };
		6380AD512826065B00618251 /* HomeDetailVC.swift */ = {isa = PBXFileReference; lastKnownFileType = sourcecode.swift; path = HomeDetailVC.swift; sourceTree = "<group>"; };
		63D6C7382824C6A800D34EB9 /* APIDataProvider.swift */ = {isa = PBXFileReference; lastKnownFileType = sourcecode.swift; path = APIDataProvider.swift; sourceTree = "<group>"; };
		63D6C73A2824C73100D34EB9 /* APIRequestInterceptor.swift */ = {isa = PBXFileReference; lastKnownFileType = sourcecode.swift; path = APIRequestInterceptor.swift; sourceTree = "<group>"; };
		63D6C73F2824C9DF00D34EB9 /* APIRequestAdapter.swift */ = {isa = PBXFileReference; lastKnownFileType = sourcecode.swift; path = APIRequestAdapter.swift; sourceTree = "<group>"; };
		63D6C7412824CB8B00D34EB9 /* APILogger.swift */ = {isa = PBXFileReference; lastKnownFileType = sourcecode.swift; path = APILogger.swift; sourceTree = "<group>"; };
		63D6C7432824CC1800D34EB9 /* DataProvider.swift */ = {isa = PBXFileReference; lastKnownFileType = sourcecode.swift; path = DataProvider.swift; sourceTree = "<group>"; };
		63D6C81C2824F6B300D34EB9 /* LoadingProtocol.swift */ = {isa = PBXFileReference; lastKnownFileType = sourcecode.swift; path = LoadingProtocol.swift; sourceTree = "<group>"; };
		E570A6049AF046DD12BBF62E /* Pods-ChallengeApp.debug.xcconfig */ = {isa = PBXFileReference; includeInIndex = 1; lastKnownFileType = text.xcconfig; name = "Pods-ChallengeApp.debug.xcconfig"; path = "Target Support Files/Pods-ChallengeApp/Pods-ChallengeApp.debug.xcconfig"; sourceTree = "<group>"; };
/* End PBXFileReference section */

/* Begin PBXFrameworksBuildPhase section */
		633CC23728216C2600252191 /* Frameworks */ = {
			isa = PBXFrameworksBuildPhase;
			buildActionMask = 2147483647;
			files = (
				AB15619003A069915261F8E4 /* Pods_ChallengeApp.framework in Frameworks */,
			);
			runOnlyForDeploymentPostprocessing = 0;
		};
/* End PBXFrameworksBuildPhase section */

/* Begin PBXGroup section */
		31417F8D7CECC7399E667B8D /* Pods */ = {
			isa = PBXGroup;
			children = (
				E570A6049AF046DD12BBF62E /* Pods-ChallengeApp.debug.xcconfig */,
				305B8993C504094450BFA9E3 /* Pods-ChallengeApp.release.xcconfig */,
			);
			path = Pods;
			sourceTree = "<group>";
		};
		63112D982827CC440048C65A /* DetailCells */ = {
			isa = PBXGroup;
			children = (
				63112D992827CC650048C65A /* SimilarMovieCollectionCell.swift */,
				63112D9D2827D3030048C65A /* HeaderReusableView.swift */,
				6376388E2828F0160019E7ED /* SimilarCellModel.swift */,
			);
			path = DetailCells;
			sourceTree = "<group>";
		};
		632D2FC72821FE8F00441152 /* Routing */ = {
			isa = PBXGroup;
			children = (
				632D2FCD282206C800441152 /* Transitions */,
				632D2FCB282206B600441152 /* Routers */,
				632D2FCA282206B000441152 /* Core */,
			);
			path = Routing;
			sourceTree = "<group>";
		};
		632D2FCA282206B000441152 /* Core */ = {
			isa = PBXGroup;
			children = (
				632D2FCE282206D800441152 /* Animator.swift */,
				632D2FD0282206EE00441152 /* Router.swift */,
			);
			path = Core;
			sourceTree = "<group>";
		};
		632D2FCB282206B600441152 /* Routers */ = {
			isa = PBXGroup;
			children = (
				632D2FD22822071500441152 /* AppRouter.swift */,
			);
			path = Routers;
			sourceTree = "<group>";
		};
		632D2FCD282206C800441152 /* Transitions */ = {
			isa = PBXGroup;
			children = (
				632D2FD5282207EA00441152 /* ModalTransition.swift */,
				632D2FD7282207EA00441152 /* PlaceOnWindowTransition.swift */,
				632D2FD4282207EA00441152 /* PushTransition.swift */,
				632D2FD6282207EA00441152 /* Transition.swift */,
			);
			path = Transitions;
			sourceTree = "<group>";
		};
		632D2FE228220C3500441152 /* WalkThrough */ = {
			isa = PBXGroup;
			children = (
				632D2FDC28220A3000441152 /* WalkThroughRoute.swift */,
				632D2FDE28220A4E00441152 /* WalkThroughRouter.swift */,
				632D2FE028220AAD00441152 /* MainTabBarRoute.swift */,
			);
			path = WalkThrough;
			sourceTree = "<group>";
		};
		632D2FE328220DC700441152 /* Extensions */ = {
			isa = PBXGroup;
			children = (
				632D2FE72822101D00441152 /* Extension+UIView.swift */,
				632D2FE92822103D00441152 /* Extension+UIColor.swift */,
			);
			path = Extensions;
			sourceTree = "<group>";
		};
		632D2FE428220DE800441152 /* Constants */ = {
			isa = PBXGroup;
			children = (
				632D2FE528220DF500441152 /* Closures.swift */,
			);
			path = Constants;
			sourceTree = "<group>";
		};
		633CC23128216C2600252191 = {
			isa = PBXGroup;
			children = (
				633CC23C28216C2600252191 /* ChallengeApp */,
				633CC23B28216C2600252191 /* Products */,
				31417F8D7CECC7399E667B8D /* Pods */,
				646FB0A9EFB17D414D7B67FA /* Frameworks */,
			);
			sourceTree = "<group>";
		};
		633CC23B28216C2600252191 /* Products */ = {
			isa = PBXGroup;
			children = (
				633CC23A28216C2600252191 /* ChallengeApp.app */,
			);
			name = Products;
			sourceTree = "<group>";
		};
		633CC23C28216C2600252191 /* ChallengeApp */ = {
			isa = PBXGroup;
			children = (
				633CC25C282184F000252191 /* DataProvider */,
				633CC25B282184E400252191 /* MovieProject */,
				633CC25D2821851000252191 /* UIComponents */,
				633CC25E2821852700252191 /* Utilities */,
			);
			path = ChallengeApp;
			sourceTree = "<group>";
		};
		633CC25128216E0300252191 /* AppDelegate */ = {
			isa = PBXGroup;
			children = (
				633CC23D28216C2600252191 /* AppDelegate.swift */,
			);
			path = AppDelegate;
			sourceTree = "<group>";
		};
		633CC2562821707300252191 /* Scenes */ = {
			isa = PBXGroup;
			children = (
				633CC2582821708F00252191 /* Home */,
				6380AD482826048200618251 /* HomeDetail */,
				6380AD34282595FE00618251 /* Base */,
				632D2FE228220C3500441152 /* WalkThrough */,
			);
			path = Scenes;
			sourceTree = "<group>";
		};
		633CC2572821707C00252191 /* Cell */ = {
			isa = PBXGroup;
			children = (
				63112D982827CC440048C65A /* DetailCells */,
				6380600D28235A60006A0308 /* HomeBottomCells */,
				6380600C28235A55006A0308 /* HomeTopCells */,
			);
			path = Cell;
			sourceTree = "<group>";
		};
		633CC2582821708F00252191 /* Home */ = {
			isa = PBXGroup;
			children = (
				633CC24128216C2600252191 /* HomeVC.swift */,
				6380AD3B282597A400618251 /* HomeViewModel.swift */,
				6380AD462826046800618251 /* HomeRouter.swift */,
				6380AD4B282604EB00618251 /* HomeRoute.swift */,
				637850E1282A5A470044F9FF /* SearchResultsVC.swift */,
				637850E5282A5BB80044F9FF /* SearchMoviesRouter.swift */,
			);
			path = Home;
			sourceTree = "<group>";
		};
		633CC25B282184E400252191 /* MovieProject */ = {
			isa = PBXGroup;
			children = (
				63D6C7372824C69300D34EB9 /* DataProvider */,
				632D2FC72821FE8F00441152 /* Routing */,
				637CDEA02821DBA400B210D0 /* Configurations */,
				637CDE9F2821DB7500B210D0 /* Resources */,
				633CC2562821707300252191 /* Scenes */,
				633CC25128216E0300252191 /* AppDelegate */,
			);
			path = MovieProject;
			sourceTree = "<group>";
		};
		633CC25C282184F000252191 /* DataProvider */ = {
			isa = PBXGroup;
			children = (
				637CDEA12821DC5800B210D0 /* Core */,
				637CDEA22821DC5C00B210D0 /* Model */,
				637CDEA32821DC5F00B210D0 /* Request */,
			);
			path = DataProvider;
			sourceTree = "<group>";
		};
		633CC25D2821851000252191 /* UIComponents */ = {
			isa = PBXGroup;
			children = (
				6376389828291F1B0019E7ED /* UIActivityIndicatorView */,
				633CC2572821707C00252191 /* Cell */,
				63D6C81B2824F6A400D34EB9 /* Loading */,
			);
			path = UIComponents;
			sourceTree = "<group>";
		};
		633CC25E2821852700252191 /* Utilities */ = {
			isa = PBXGroup;
			children = (
				632D2FE428220DE800441152 /* Constants */,
				632D2FE328220DC700441152 /* Extensions */,
			);
			path = Utilities;
			sourceTree = "<group>";
		};
		6376389828291F1B0019E7ED /* UIActivityIndicatorView */ = {
			isa = PBXGroup;
			children = (
				6376389628291EDE0019E7ED /* UIActivityIndicatorView.swift */,
			);
			path = UIActivityIndicatorView;
			sourceTree = "<group>";
		};
		637CDE9F2821DB7500B210D0 /* Resources */ = {
			isa = PBXGroup;
			children = (
				633CC24628216C2700252191 /* Assets.xcassets */,
			);
			path = Resources;
			sourceTree = "<group>";
		};
		637CDEA02821DBA400B210D0 /* Configurations */ = {
			isa = PBXGroup;
			children = (
				632D2FC8282202DB00441152 /* Info.plist */,
			);
			path = Configurations;
			sourceTree = "<group>";
		};
		637CDEA12821DC5800B210D0 /* Core */ = {
			isa = PBXGroup;
			children = (
				632D2FAD2821E32500441152 /* RequestProtocol.swift */,
				632D2FAF2821E3BD00441152 /* RequestEncoding.swift */,
				632D2FB12821E3DB00441152 /* RequestMethod.swift */,
				632D2FB32821E41E00441152 /* APIDecodableResponseRequest.swift */,
				632D2FB52821E55D00441152 /* DataProviderProtocol.swift */,
				632D2FB72821E60800441152 /* DecodableResponseRequest.swift */,
				632D2FB92821E64500441152 /* Typealias.swift */,
			);
			path = Core;
			sourceTree = "<group>";
		};
		637CDEA22821DC5C00B210D0 /* Model */ = {
			isa = PBXGroup;
			children = (
				632D2FBB2821E84900441152 /* MovieDetailsModel.swift */,
				632D2FBD2821E88700441152 /* MovieNowPlayingModel.swift */,
				632D2FBF2821E8A500441152 /* MovieUpComingModel.swift */,
				637850DF282A53970044F9FF /* MovieSearchModel.swift */,
			);
			path = Model;
			sourceTree = "<group>";
		};
		637CDEA32821DC5F00B210D0 /* Request */ = {
			isa = PBXGroup;
			children = (
				632D2FC12821E8DE00441152 /* MovieDetailRequest.swift */,
				632D2FC32821EA2F00441152 /* MovieNowPlayingRequest.swift */,
				632D2FC52821EB1500441152 /* MovieUpcomingRequest.swift */,
				63763890282904900019E7ED /* MovieSimilarRequest.swift */,
				637850DD282A50D50044F9FF /* MovieSearchRequest.swift */,
			);
			path = Request;
			sourceTree = "<group>";
		};
		6380600C28235A55006A0308 /* HomeTopCells */ = {
			isa = PBXGroup;
			children = (
				6380AD3E2825A74900618251 /* HomeTopCellModel.swift */,
				6380600828235211006A0308 /* HomeTopCell.swift */,
				6380600E28235B03006A0308 /* HomeSliderCell.swift */,
				6380AD402825AB0100618251 /* HomeSliderCellModel.swift */,
			);
			path = HomeTopCells;
			sourceTree = "<group>";
		};
		6380600D28235A60006A0308 /* HomeBottomCells */ = {
			isa = PBXGroup;
			children = (
				6380AD422825D2FA00618251 /* HomeBottomCellModel.swift */,
				6380600A28235444006A0308 /* HomeBottomCell.swift */,
				6380601028235E2E006A0308 /* HomeBottomTableCell.swift */,
				6380AD442825D3C100618251 /* HomeBottomTableCellModel.swift */,
			);
			path = HomeBottomCells;
			sourceTree = "<group>";
		};
		6380AD34282595FE00618251 /* Base */ = {
			isa = PBXGroup;
			children = (
				6380AD352825961000618251 /* BaseViewModel.swift */,
				6380AD372825966500618251 /* BaseViewController.swift */,
				6380AD39282596E200618251 /* MainNavigationController.swift */,
			);
			path = Base;
			sourceTree = "<group>";
		};
		6380AD482826048200618251 /* HomeDetail */ = {
			isa = PBXGroup;
			children = (
				6380AD492826049900618251 /* HomeDetailRoute.swift */,
				6380AD4D2826061900618251 /* HomeDetailRouter.swift */,
				6380AD4F2826062D00618251 /* HomeDetailViewModel.swift */,
				6380AD512826065B00618251 /* HomeDetailVC.swift */,
			);
			path = HomeDetail;
			sourceTree = "<group>";
		};
		63D6C7372824C69300D34EB9 /* DataProvider */ = {
			isa = PBXGroup;
			children = (
				63D6C7382824C6A800D34EB9 /* APIDataProvider.swift */,
				63D6C73A2824C73100D34EB9 /* APIRequestInterceptor.swift */,
				63D6C73F2824C9DF00D34EB9 /* APIRequestAdapter.swift */,
				63D6C7412824CB8B00D34EB9 /* APILogger.swift */,
				63D6C7432824CC1800D34EB9 /* DataProvider.swift */,
			);
			path = DataProvider;
			sourceTree = "<group>";
		};
		63D6C81B2824F6A400D34EB9 /* Loading */ = {
			isa = PBXGroup;
			children = (
				63D6C81C2824F6B300D34EB9 /* LoadingProtocol.swift */,
				6376389228291D4B0019E7ED /* BlockingActivityIndicator.swift */,
				6376389428291DBA0019E7ED /* ActivityIndicatorProtocol.swift */,
			);
			path = Loading;
			sourceTree = "<group>";
		};
		646FB0A9EFB17D414D7B67FA /* Frameworks */ = {
			isa = PBXGroup;
			children = (
				28DE26D4CED025A6F2E52399 /* Pods_ChallengeApp.framework */,
			);
			name = Frameworks;
			sourceTree = "<group>";
		};
/* End PBXGroup section */

/* Begin PBXNativeTarget section */
		633CC23928216C2600252191 /* ChallengeApp */ = {
			isa = PBXNativeTarget;
			buildConfigurationList = 633CC24E28216C2700252191 /* Build configuration list for PBXNativeTarget "ChallengeApp" */;
			buildPhases = (
				052A99B62ED0AEFFFE66EDCB /* [CP] Check Pods Manifest.lock */,
				633CC23628216C2600252191 /* Sources */,
				633CC23728216C2600252191 /* Frameworks */,
				633CC23828216C2600252191 /* Resources */,
				3283A3DF3A1360D2D127B9BC /* [CP] Embed Pods Frameworks */,
			);
			buildRules = (
			);
			dependencies = (
			);
			name = ChallengeApp;
			packageProductDependencies = (
			);
			productName = ChallengeApp;
			productReference = 633CC23A28216C2600252191 /* ChallengeApp.app */;
			productType = "com.apple.product-type.application";
		};
/* End PBXNativeTarget section */

/* Begin PBXProject section */
		633CC23228216C2600252191 /* Project object */ = {
			isa = PBXProject;
			attributes = {
				BuildIndependentTargetsInParallel = 1;
				LastSwiftUpdateCheck = 1320;
				LastUpgradeCheck = 1320;
				TargetAttributes = {
					633CC23928216C2600252191 = {
						CreatedOnToolsVersion = 13.2.1;
					};
				};
			};
			buildConfigurationList = 633CC23528216C2600252191 /* Build configuration list for PBXProject "ChallengeApp" */;
			compatibilityVersion = "Xcode 13.0";
			developmentRegion = en;
			hasScannedForEncodings = 0;
			knownRegions = (
				en,
				Base,
			);
			mainGroup = 633CC23128216C2600252191;
			packageReferences = (
			);
			productRefGroup = 633CC23B28216C2600252191 /* Products */;
			projectDirPath = "";
			projectRoot = "";
			targets = (
				633CC23928216C2600252191 /* ChallengeApp */,
			);
		};
/* End PBXProject section */

/* Begin PBXResourcesBuildPhase section */
		633CC23828216C2600252191 /* Resources */ = {
			isa = PBXResourcesBuildPhase;
			buildActionMask = 2147483647;
			files = (
				633CC24728216C2700252191 /* Assets.xcassets in Resources */,
			);
			runOnlyForDeploymentPostprocessing = 0;
		};
/* End PBXResourcesBuildPhase section */

/* Begin PBXShellScriptBuildPhase section */
		052A99B62ED0AEFFFE66EDCB /* [CP] Check Pods Manifest.lock */ = {
			isa = PBXShellScriptBuildPhase;
			buildActionMask = 2147483647;
			files = (
			);
			inputFileListPaths = (
			);
			inputPaths = (
				"${PODS_PODFILE_DIR_PATH}/Podfile.lock",
				"${PODS_ROOT}/Manifest.lock",
			);
			name = "[CP] Check Pods Manifest.lock";
			outputFileListPaths = (
			);
			outputPaths = (
				"$(DERIVED_FILE_DIR)/Pods-ChallengeApp-checkManifestLockResult.txt",
			);
			runOnlyForDeploymentPostprocessing = 0;
			shellPath = /bin/sh;
			shellScript = "diff \"${PODS_PODFILE_DIR_PATH}/Podfile.lock\" \"${PODS_ROOT}/Manifest.lock\" > /dev/null\nif [ $? != 0 ] ; then\n    # print error to STDERR\n    echo \"error: The sandbox is not in sync with the Podfile.lock. Run 'pod install' or update your CocoaPods installation.\" >&2\n    exit 1\nfi\n# This output is used by Xcode 'outputs' to avoid re-running this script phase.\necho \"SUCCESS\" > \"${SCRIPT_OUTPUT_FILE_0}\"\n";
			showEnvVarsInLog = 0;
		};
		3283A3DF3A1360D2D127B9BC /* [CP] Embed Pods Frameworks */ = {
			isa = PBXShellScriptBuildPhase;
			buildActionMask = 2147483647;
			files = (
			);
			inputFileListPaths = (
				"${PODS_ROOT}/Target Support Files/Pods-ChallengeApp/Pods-ChallengeApp-frameworks-${CONFIGURATION}-input-files.xcfilelist",
			);
			name = "[CP] Embed Pods Frameworks";
			outputFileListPaths = (
				"${PODS_ROOT}/Target Support Files/Pods-ChallengeApp/Pods-ChallengeApp-frameworks-${CONFIGURATION}-output-files.xcfilelist",
			);
			runOnlyForDeploymentPostprocessing = 0;
			shellPath = /bin/sh;
			shellScript = "\"${PODS_ROOT}/Target Support Files/Pods-ChallengeApp/Pods-ChallengeApp-frameworks.sh\"\n";
			showEnvVarsInLog = 0;
		};
/* End PBXShellScriptBuildPhase section */

/* Begin PBXSourcesBuildPhase section */
		633CC23628216C2600252191 /* Sources */ = {
			isa = PBXSourcesBuildPhase;
			buildActionMask = 2147483647;
			files = (
				637850E0282A53970044F9FF /* MovieSearchModel.swift in Sources */,
				63D6C7422824CB8B00D34EB9 /* APILogger.swift in Sources */,
				632D2FE128220AAD00441152 /* MainTabBarRoute.swift in Sources */,
				632D2FC42821EA2F00441152 /* MovieNowPlayingRequest.swift in Sources */,
				632D2FDF28220A4E00441152 /* WalkThroughRouter.swift in Sources */,
				6380AD452825D3C100618251 /* HomeBottomTableCellModel.swift in Sources */,
				6380AD432825D2FA00618251 /* HomeBottomCellModel.swift in Sources */,
				63763891282904900019E7ED /* MovieSimilarRequest.swift in Sources */,
				632D2FB82821E60800441152 /* DecodableResponseRequest.swift in Sources */,
				6380AD382825966500618251 /* BaseViewController.swift in Sources */,
				632D2FD8282207EA00441152 /* PushTransition.swift in Sources */,
				632D2FC62821EB1500441152 /* MovieUpcomingRequest.swift in Sources */,
				632D2FCF282206D800441152 /* Animator.swift in Sources */,
				6380AD4A2826049900618251 /* HomeDetailRoute.swift in Sources */,
				6380AD4C282604EB00618251 /* HomeRoute.swift in Sources */,
				6380AD472826046800618251 /* HomeRouter.swift in Sources */,
				6380AD502826062D00618251 /* HomeDetailViewModel.swift in Sources */,
				632D2FB02821E3BD00441152 /* RequestEncoding.swift in Sources */,
				632D2FDA282207EA00441152 /* Transition.swift in Sources */,
				633CC24228216C2600252191 /* HomeVC.swift in Sources */,
				6380AD522826065B00618251 /* HomeDetailVC.swift in Sources */,
				6380600B28235444006A0308 /* HomeBottomCell.swift in Sources */,
				63112D9A2827CC650048C65A /* SimilarMovieCollectionCell.swift in Sources */,
				632D2FB42821E41E00441152 /* APIDecodableResponseRequest.swift in Sources */,
				632D2FAE2821E32500441152 /* RequestProtocol.swift in Sources */,
				632D2FC02821E8A500441152 /* MovieUpComingModel.swift in Sources */,
				6380AD3F2825A74900618251 /* HomeTopCellModel.swift in Sources */,
				6380AD412825AB0100618251 /* HomeSliderCellModel.swift in Sources */,
				6376389328291D4B0019E7ED /* BlockingActivityIndicator.swift in Sources */,
				63D6C7392824C6A800D34EB9 /* APIDataProvider.swift in Sources */,
				632D2FDB282207EA00441152 /* PlaceOnWindowTransition.swift in Sources */,
				637850E2282A5A470044F9FF /* SearchResultsVC.swift in Sources */,
				63D6C73B2824C73100D34EB9 /* APIRequestInterceptor.swift in Sources */,
				632D2FB62821E55D00441152 /* DataProviderProtocol.swift in Sources */,
				632D2FD32822071500441152 /* AppRouter.swift in Sources */,
				6376388F2828F0160019E7ED /* SimilarCellModel.swift in Sources */,
				637850DE282A50D50044F9FF /* MovieSearchRequest.swift in Sources */,
				6376389528291DBA0019E7ED /* ActivityIndicatorProtocol.swift in Sources */,
				6380AD362825961000618251 /* BaseViewModel.swift in Sources */,
				63D6C81D2824F6B300D34EB9 /* LoadingProtocol.swift in Sources */,
				6376389728291EDE0019E7ED /* UIActivityIndicatorView.swift in Sources */,
				632D2FD1282206EE00441152 /* Router.swift in Sources */,
				6380AD3A282596E200618251 /* MainNavigationController.swift in Sources */,
				633CC23E28216C2600252191 /* AppDelegate.swift in Sources */,
				632D2FBC2821E84900441152 /* MovieDetailsModel.swift in Sources */,
				6380AD4E2826061900618251 /* HomeDetailRouter.swift in Sources */,
				632D2FE628220DF500441152 /* Closures.swift in Sources */,
				632D2FD9282207EA00441152 /* ModalTransition.swift in Sources */,
				632D2FB22821E3DB00441152 /* RequestMethod.swift in Sources */,
				632D2FC22821E8DE00441152 /* MovieDetailRequest.swift in Sources */,
				632D2FEA2822103D00441152 /* Extension+UIColor.swift in Sources */,
				632D2FBE2821E88700441152 /* MovieNowPlayingModel.swift in Sources */,
				6380601128235E2E006A0308 /* HomeBottomTableCell.swift in Sources */,
				632D2FDD28220A3000441152 /* WalkThroughRoute.swift in Sources */,
				63112D9E2827D3030048C65A /* HeaderReusableView.swift in Sources */,
				632D2FBA2821E64500441152 /* Typealias.swift in Sources */,
				63D6C7402824C9DF00D34EB9 /* APIRequestAdapter.swift in Sources */,
				6380AD3C282597A400618251 /* HomeViewModel.swift in Sources */,
				632D2FE82822101D00441152 /* Extension+UIView.swift in Sources */,
				63D6C7442824CC1800D34EB9 /* DataProvider.swift in Sources */,
				637850E6282A5BB80044F9FF /* SearchMoviesRouter.swift in Sources */,
				6380600928235211006A0308 /* HomeTopCell.swift in Sources */,
				6380600F28235B03006A0308 /* HomeSliderCell.swift in Sources */,
			);
			runOnlyForDeploymentPostprocessing = 0;
		};
/* End PBXSourcesBuildPhase section */

/* Begin XCBuildConfiguration section */
		633CC24C28216C2700252191 /* Debug */ = {
			isa = XCBuildConfiguration;
			buildSettings = {
				ALWAYS_SEARCH_USER_PATHS = NO;
				CLANG_ANALYZER_NONNULL = YES;
				CLANG_ANALYZER_NUMBER_OBJECT_CONVERSION = YES_AGGRESSIVE;
				CLANG_CXX_LANGUAGE_STANDARD = "gnu++17";
				CLANG_CXX_LIBRARY = "libc++";
				CLANG_ENABLE_MODULES = YES;
				CLANG_ENABLE_OBJC_ARC = YES;
				CLANG_ENABLE_OBJC_WEAK = YES;
				CLANG_WARN_BLOCK_CAPTURE_AUTORELEASING = YES;
				CLANG_WARN_BOOL_CONVERSION = YES;
				CLANG_WARN_COMMA = YES;
				CLANG_WARN_CONSTANT_CONVERSION = YES;
				CLANG_WARN_DEPRECATED_OBJC_IMPLEMENTATIONS = YES;
				CLANG_WARN_DIRECT_OBJC_ISA_USAGE = YES_ERROR;
				CLANG_WARN_DOCUMENTATION_COMMENTS = YES;
				CLANG_WARN_EMPTY_BODY = YES;
				CLANG_WARN_ENUM_CONVERSION = YES;
				CLANG_WARN_INFINITE_RECURSION = YES;
				CLANG_WARN_INT_CONVERSION = YES;
				CLANG_WARN_NON_LITERAL_NULL_CONVERSION = YES;
				CLANG_WARN_OBJC_IMPLICIT_RETAIN_SELF = YES;
				CLANG_WARN_OBJC_LITERAL_CONVERSION = YES;
				CLANG_WARN_OBJC_ROOT_CLASS = YES_ERROR;
				CLANG_WARN_QUOTED_INCLUDE_IN_FRAMEWORK_HEADER = YES;
				CLANG_WARN_RANGE_LOOP_ANALYSIS = YES;
				CLANG_WARN_STRICT_PROTOTYPES = YES;
				CLANG_WARN_SUSPICIOUS_MOVE = YES;
				CLANG_WARN_UNGUARDED_AVAILABILITY = YES_AGGRESSIVE;
				CLANG_WARN_UNREACHABLE_CODE = YES;
				CLANG_WARN__DUPLICATE_METHOD_MATCH = YES;
				COPY_PHASE_STRIP = NO;
				DEBUG_INFORMATION_FORMAT = dwarf;
				ENABLE_STRICT_OBJC_MSGSEND = YES;
				ENABLE_TESTABILITY = YES;
				GCC_C_LANGUAGE_STANDARD = gnu11;
				GCC_DYNAMIC_NO_PIC = NO;
				GCC_NO_COMMON_BLOCKS = YES;
				GCC_OPTIMIZATION_LEVEL = 0;
				GCC_PREPROCESSOR_DEFINITIONS = (
					"DEBUG=1",
					"$(inherited)",
				);
				GCC_WARN_64_TO_32_BIT_CONVERSION = YES;
				GCC_WARN_ABOUT_RETURN_TYPE = YES_ERROR;
				GCC_WARN_UNDECLARED_SELECTOR = YES;
				GCC_WARN_UNINITIALIZED_AUTOS = YES_AGGRESSIVE;
				GCC_WARN_UNUSED_FUNCTION = YES;
				GCC_WARN_UNUSED_VARIABLE = YES;
				IPHONEOS_DEPLOYMENT_TARGET = 15.2;
				MTL_ENABLE_DEBUG_INFO = INCLUDE_SOURCE;
				MTL_FAST_MATH = YES;
				ONLY_ACTIVE_ARCH = YES;
				SDKROOT = iphoneos;
				SWIFT_ACTIVE_COMPILATION_CONDITIONS = DEBUG;
				SWIFT_OPTIMIZATION_LEVEL = "-Onone";
			};
			name = Debug;
		};
		633CC24D28216C2700252191 /* Release */ = {
			isa = XCBuildConfiguration;
			buildSettings = {
				ALWAYS_SEARCH_USER_PATHS = NO;
				CLANG_ANALYZER_NONNULL = YES;
				CLANG_ANALYZER_NUMBER_OBJECT_CONVERSION = YES_AGGRESSIVE;
				CLANG_CXX_LANGUAGE_STANDARD = "gnu++17";
				CLANG_CXX_LIBRARY = "libc++";
				CLANG_ENABLE_MODULES = YES;
				CLANG_ENABLE_OBJC_ARC = YES;
				CLANG_ENABLE_OBJC_WEAK = YES;
				CLANG_WARN_BLOCK_CAPTURE_AUTORELEASING = YES;
				CLANG_WARN_BOOL_CONVERSION = YES;
				CLANG_WARN_COMMA = YES;
				CLANG_WARN_CONSTANT_CONVERSION = YES;
				CLANG_WARN_DEPRECATED_OBJC_IMPLEMENTATIONS = YES;
				CLANG_WARN_DIRECT_OBJC_ISA_USAGE = YES_ERROR;
				CLANG_WARN_DOCUMENTATION_COMMENTS = YES;
				CLANG_WARN_EMPTY_BODY = YES;
				CLANG_WARN_ENUM_CONVERSION = YES;
				CLANG_WARN_INFINITE_RECURSION = YES;
				CLANG_WARN_INT_CONVERSION = YES;
				CLANG_WARN_NON_LITERAL_NULL_CONVERSION = YES;
				CLANG_WARN_OBJC_IMPLICIT_RETAIN_SELF = YES;
				CLANG_WARN_OBJC_LITERAL_CONVERSION = YES;
				CLANG_WARN_OBJC_ROOT_CLASS = YES_ERROR;
				CLANG_WARN_QUOTED_INCLUDE_IN_FRAMEWORK_HEADER = YES;
				CLANG_WARN_RANGE_LOOP_ANALYSIS = YES;
				CLANG_WARN_STRICT_PROTOTYPES = YES;
				CLANG_WARN_SUSPICIOUS_MOVE = YES;
				CLANG_WARN_UNGUARDED_AVAILABILITY = YES_AGGRESSIVE;
				CLANG_WARN_UNREACHABLE_CODE = YES;
				CLANG_WARN__DUPLICATE_METHOD_MATCH = YES;
				COPY_PHASE_STRIP = NO;
				DEBUG_INFORMATION_FORMAT = "dwarf-with-dsym";
				ENABLE_NS_ASSERTIONS = NO;
				ENABLE_STRICT_OBJC_MSGSEND = YES;
				GCC_C_LANGUAGE_STANDARD = gnu11;
				GCC_NO_COMMON_BLOCKS = YES;
				GCC_WARN_64_TO_32_BIT_CONVERSION = YES;
				GCC_WARN_ABOUT_RETURN_TYPE = YES_ERROR;
				GCC_WARN_UNDECLARED_SELECTOR = YES;
				GCC_WARN_UNINITIALIZED_AUTOS = YES_AGGRESSIVE;
				GCC_WARN_UNUSED_FUNCTION = YES;
				GCC_WARN_UNUSED_VARIABLE = YES;
				IPHONEOS_DEPLOYMENT_TARGET = 15.2;
				MTL_ENABLE_DEBUG_INFO = NO;
				MTL_FAST_MATH = YES;
				SDKROOT = iphoneos;
				SWIFT_COMPILATION_MODE = wholemodule;
				SWIFT_OPTIMIZATION_LEVEL = "-O";
				VALIDATE_PRODUCT = YES;
			};
			name = Release;
		};
		633CC24F28216C2700252191 /* Debug */ = {
			isa = XCBuildConfiguration;
			baseConfigurationReference = E570A6049AF046DD12BBF62E /* Pods-ChallengeApp.debug.xcconfig */;
			buildSettings = {
				ALWAYS_EMBED_SWIFT_STANDARD_LIBRARIES = YES;
				ASSETCATALOG_COMPILER_APPICON_NAME = AppIcon;
				ASSETCATALOG_COMPILER_GLOBAL_ACCENT_COLOR_NAME = AccentColor;
				CODE_SIGN_STYLE = Automatic;
				CURRENT_PROJECT_VERSION = 1;
				DEVELOPMENT_TEAM = YW89A2JD7V;
				GENERATE_INFOPLIST_FILE = YES;
				INFOPLIST_FILE = ChallengeApp/MovieProject/Configurations/Info.plist;
				INFOPLIST_KEY_UIApplicationSupportsIndirectInputEvents = YES;
				INFOPLIST_KEY_UILaunchStoryboardName = LaunchScreen;
				INFOPLIST_KEY_UISupportedInterfaceOrientations_iPad = "UIInterfaceOrientationPortrait UIInterfaceOrientationPortraitUpsideDown UIInterfaceOrientationLandscapeLeft UIInterfaceOrientationLandscapeRight";
				INFOPLIST_KEY_UISupportedInterfaceOrientations_iPhone = "UIInterfaceOrientationPortrait UIInterfaceOrientationLandscapeLeft UIInterfaceOrientationLandscapeRight";
				LD_RUNPATH_SEARCH_PATHS = (
					"$(inherited)",
					"@executable_path/Frameworks",
				);
				MARKETING_VERSION = 1.0;
				PRODUCT_BUNDLE_IDENTIFIER = com.ugurhmz.ChallengeApp;
				PRODUCT_NAME = "$(TARGET_NAME)";
				SWIFT_EMIT_LOC_STRINGS = YES;
				SWIFT_VERSION = 5.0;
				TARGETED_DEVICE_FAMILY = "1,2";
			};
			name = Debug;
		};
		633CC25028216C2700252191 /* Release */ = {
			isa = XCBuildConfiguration;
			baseConfigurationReference = 305B8993C504094450BFA9E3 /* Pods-ChallengeApp.release.xcconfig */;
			buildSettings = {
				ALWAYS_EMBED_SWIFT_STANDARD_LIBRARIES = YES;
				ASSETCATALOG_COMPILER_APPICON_NAME = AppIcon;
				ASSETCATALOG_COMPILER_GLOBAL_ACCENT_COLOR_NAME = AccentColor;
				CODE_SIGN_STYLE = Automatic;
				CURRENT_PROJECT_VERSION = 1;
				DEVELOPMENT_TEAM = YW89A2JD7V;
				GENERATE_INFOPLIST_FILE = YES;
				INFOPLIST_FILE = ChallengeApp/MovieProject/Configurations/Info.plist;
				INFOPLIST_KEY_UIApplicationSupportsIndirectInputEvents = YES;
				INFOPLIST_KEY_UILaunchStoryboardName = LaunchScreen;
				INFOPLIST_KEY_UISupportedInterfaceOrientations_iPad = "UIInterfaceOrientationPortrait UIInterfaceOrientationPortraitUpsideDown UIInterfaceOrientationLandscapeLeft UIInterfaceOrientationLandscapeRight";
				INFOPLIST_KEY_UISupportedInterfaceOrientations_iPhone = "UIInterfaceOrientationPortrait UIInterfaceOrientationLandscapeLeft UIInterfaceOrientationLandscapeRight";
				LD_RUNPATH_SEARCH_PATHS = (
					"$(inherited)",
					"@executable_path/Frameworks",
				);
				MARKETING_VERSION = 1.0;
				PRODUCT_BUNDLE_IDENTIFIER = com.ugurhmz.ChallengeApp;
				PRODUCT_NAME = "$(TARGET_NAME)";
				SWIFT_EMIT_LOC_STRINGS = YES;
				SWIFT_VERSION = 5.0;
				TARGETED_DEVICE_FAMILY = "1,2";
			};
			name = Release;
		};
/* End XCBuildConfiguration section */

/* Begin XCConfigurationList section */
		633CC23528216C2600252191 /* Build configuration list for PBXProject "ChallengeApp" */ = {
			isa = XCConfigurationList;
			buildConfigurations = (
				633CC24C28216C2700252191 /* Debug */,
				633CC24D28216C2700252191 /* Release */,
			);
			defaultConfigurationIsVisible = 0;
			defaultConfigurationName = Release;
		};
		633CC24E28216C2700252191 /* Build configuration list for PBXNativeTarget "ChallengeApp" */ = {
			isa = XCConfigurationList;
			buildConfigurations = (
				633CC24F28216C2700252191 /* Debug */,
				633CC25028216C2700252191 /* Release */,
			);
			defaultConfigurationIsVisible = 0;
			defaultConfigurationName = Release;
		};
/* End XCConfigurationList section */
	};
	rootObject = 633CC23228216C2600252191 /* Project object */;
}
